
Microsoft Visual Studio Solution File, Format Version 12.00
# Visual Studio Version 17
VisualStudioVersion = 17.14.36623.8 d17.14
MinimumVisualStudioVersion = 10.0.40219.1
Project("{FAE04EC0-301F-11D3-BF4B-00C04F79EFBC}") = "AuthServer.Domain", "AuthServer.Domain\AuthServer.Domain.csproj", "{57C34277-824C-4BE2-8761-23DDB3CBCB25}"
EndProject
Project("{FAE04EC0-301F-11D3-BF4B-00C04F79EFBC}") = "AuthServer.Infrastructure", "AuthServer.Infrastructure\AuthServer.Infrastructure.csproj", "{877F82E5-5355-4D94-BE7A-EFB07BE72AA0}"
EndProject
Project("{FAE04EC0-301F-11D3-BF4B-00C04F79EFBC}") = "AuthServer.Application", "AuthServer.Application\AuthServer.Application.csproj", "{66F801B2-F35D-4047-AC96-ACE6804A1B6A}"
EndProject
Project("{FAE04EC0-301F-11D3-BF4B-00C04F79EFBC}") = "AuthServer.Api", "AuthServer.Api\AuthServer.Api.csproj", "{57886376-1369-4028-92D4-CEE3FCEBC27F}"
EndProject
Global
	GlobalSection(SolutionConfigurationPlatforms) = preSolution
		Debug|Any CPU = Debug|Any CPU
		Release|Any CPU = Release|Any CPU
	EndGlobalSection
	GlobalSection(ProjectConfigurationPlatforms) = postSolution
		{57C34277-824C-4BE2-8761-23DDB3CBCB25}.Debug|Any CPU.ActiveCfg = Debug|Any CPU
		{57C34277-824C-4BE2-8761-23DDB3CBCB25}.Debug|Any CPU.Build.0 = Debug|Any CPU
		{57C34277-824C-4BE2-8761-23DDB3CBCB25}.Release|Any CPU.ActiveCfg = Release|Any CPU
		{57C34277-824C-4BE2-8761-23DDB3CBCB25}.Release|Any CPU.Build.0 = Release|Any CPU
		{877F82E5-5355-4D94-BE7A-EFB07BE72AA0}.Debug|Any CPU.ActiveCfg = Debug|Any CPU
		{877F82E5-5355-4D94-BE7A-EFB07BE72AA0}.Debug|Any CPU.Build.0 = Debug|Any CPU
		{877F82E5-5355-4D94-BE7A-EFB07BE72AA0}.Release|Any CPU.ActiveCfg = Release|Any CPU
		{877F82E5-5355-4D94-BE7A-EFB07BE72AA0}.Release|Any CPU.Build.0 = Release|Any CPU
		{66F801B2-F35D-4047-AC96-ACE6804A1B6A}.Debug|Any CPU.ActiveCfg = Debug|Any CPU
		{66F801B2-F35D-4047-AC96-ACE6804A1B6A}.Debug|Any CPU.Build.0 = Debug|Any CPU
		{66F801B2-F35D-4047-AC96-ACE6804A1B6A}.Release|Any CPU.ActiveCfg = Release|Any CPU
		{66F801B2-F35D-4047-AC96-ACE6804A1B6A}.Release|Any CPU.Build.0 = Release|Any CPU
		{57886376-1369-4028-92D4-CEE3FCEBC27F}.Debug|Any CPU.ActiveCfg = Debug|Any CPU
		{57886376-1369-4028-92D4-CEE3FCEBC27F}.Debug|Any CPU.Build.0 = Debug|Any CPU
		{57886376-1369-4028-92D4-CEE3FCEBC27F}.Release|Any CPU.ActiveCfg = Release|Any CPU
		{57886376-1369-4028-92D4-CEE3FCEBC27F}.Release|Any CPU.Build.0 = Release|Any CPU
	EndGlobalSection
	GlobalSection(SolutionProperties) = preSolution
		HideSolutionNode = FALSE
	EndGlobalSection
	GlobalSection(ExtensibilityGlobals) = postSolution
		SolutionGuid = {F9E81C58-0123-488D-B212-A1FA26FC9269}
	EndGlobalSection
EndGlobal
